
Microsoft Visual Studio Solution File, Format Version 12.00
# Visual Studio Version 17
VisualStudioVersion = 17.3.32922.545
MinimumVisualStudioVersion = 10.0.40219.1
Project("{9A19103F-16F7-4668-BE54-9A1E7A4F7556}") = "API", "src\API\API.csproj", "{A3E32067-2E2A-4857-8FE7-767DC5A50C90}"
EndProject
Project("{9A19103F-16F7-4668-BE54-9A1E7A4F7556}") = "Application", "src\Application\Application.csproj", "{5053F66A-DCD0-4677-9B68-304FA3BE5FD7}"
EndProject
Project("{9A19103F-16F7-4668-BE54-9A1E7A4F7556}") = "Models", "src\Models\Models.csproj", "{089F4DEE-4E08-4929-AA74-ED61EEB21669}"
EndProject
Project("{9A19103F-16F7-4668-BE54-9A1E7A4F7556}") = "ApplicationTests", "test\ApplicationTests\ApplicationTests.csproj", "{37E86B85-B24C-4741-A035-3E75A7C5BAA2}"
EndProject
Project("{9A19103F-16F7-4668-BE54-9A1E7A4F7556}") = "Repositories", "src\Repositories\Repositories.csproj", "{DDCAB1E3-4053-49C6-9B12-637FA26E2678}"
EndProject
Project("{9A19103F-16F7-4668-BE54-9A1E7A4F7556}") = "CompositionRoot", "src\CompositionRoot\CompositionRoot.csproj", "{5A2154DB-D162-4D55-AA50-919DCC08B376}"
EndProject
Project("{2150E333-8FDC-42A3-9474-1A3956D46DE8}") = "src", "src", "{AEF8D0E2-64D7-4695-BEC2-7BCD98C1CFC4}"
EndProject
Project("{2150E333-8FDC-42A3-9474-1A3956D46DE8}") = "test", "test", "{DCB58EC3-A679-45A7-AE97-E1EDC8FCB417}"
EndProject
Project("{9A19103F-16F7-4668-BE54-9A1E7A4F7556}") = "Interfaces", "src\Interfaces\Interfaces.csproj", "{0487A85E-E103-4E3E-BE8D-0B00BE0AE3E5}"
EndProject
Project("{9A19103F-16F7-4668-BE54-9A1E7A4F7556}") = "EndpointHandler.Core", "src\EndpointHandler.Core\EndpointHandler.Core.csproj", "{9C920049-576E-4F1C-B594-DB09AEB70291}"
EndProject
Project("{9A19103F-16F7-4668-BE54-9A1E7A4F7556}") = "Middleware", "src\Middleware\Middleware.csproj", "{BA492081-B43E-4605-B9A2-7B6BD871AB77}"
EndProject
Project("{9A19103F-16F7-4668-BE54-9A1E7A4F7556}") = "Logging", "src\Logging\Logging.csproj", "{D7A9ED78-AA6E-4E27-8DF7-B3A312EC00B2}"
EndProject
Global
	GlobalSection(SolutionConfigurationPlatforms) = preSolution
		Debug|Any CPU = Debug|Any CPU
		Release|Any CPU = Release|Any CPU
	EndGlobalSection
	GlobalSection(ProjectConfigurationPlatforms) = postSolution
		{A3E32067-2E2A-4857-8FE7-767DC5A50C90}.Debug|Any CPU.ActiveCfg = Debug|Any CPU
		{A3E32067-2E2A-4857-8FE7-767DC5A50C90}.Debug|Any CPU.Build.0 = Debug|Any CPU
		{A3E32067-2E2A-4857-8FE7-767DC5A50C90}.Release|Any CPU.ActiveCfg = Release|Any CPU
		{A3E32067-2E2A-4857-8FE7-767DC5A50C90}.Release|Any CPU.Build.0 = Release|Any CPU
		{5053F66A-DCD0-4677-9B68-304FA3BE5FD7}.Debug|Any CPU.ActiveCfg = Debug|Any CPU
		{5053F66A-DCD0-4677-9B68-304FA3BE5FD7}.Debug|Any CPU.Build.0 = Debug|Any CPU
		{5053F66A-DCD0-4677-9B68-304FA3BE5FD7}.Release|Any CPU.ActiveCfg = Release|Any CPU
		{5053F66A-DCD0-4677-9B68-304FA3BE5FD7}.Release|Any CPU.Build.0 = Release|Any CPU
		{089F4DEE-4E08-4929-AA74-ED61EEB21669}.Debug|Any CPU.ActiveCfg = Debug|Any CPU
		{089F4DEE-4E08-4929-AA74-ED61EEB21669}.Debug|Any CPU.Build.0 = Debug|Any CPU
		{089F4DEE-4E08-4929-AA74-ED61EEB21669}.Release|Any CPU.ActiveCfg = Release|Any CPU
		{089F4DEE-4E08-4929-AA74-ED61EEB21669}.Release|Any CPU.Build.0 = Release|Any CPU
		{37E86B85-B24C-4741-A035-3E75A7C5BAA2}.Debug|Any CPU.ActiveCfg = Debug|Any CPU
		{37E86B85-B24C-4741-A035-3E75A7C5BAA2}.Debug|Any CPU.Build.0 = Debug|Any CPU
		{37E86B85-B24C-4741-A035-3E75A7C5BAA2}.Release|Any CPU.ActiveCfg = Release|Any CPU
		{37E86B85-B24C-4741-A035-3E75A7C5BAA2}.Release|Any CPU.Build.0 = Release|Any CPU
		{DDCAB1E3-4053-49C6-9B12-637FA26E2678}.Debug|Any CPU.ActiveCfg = Debug|Any CPU
		{DDCAB1E3-4053-49C6-9B12-637FA26E2678}.Debug|Any CPU.Build.0 = Debug|Any CPU
		{DDCAB1E3-4053-49C6-9B12-637FA26E2678}.Release|Any CPU.ActiveCfg = Release|Any CPU
		{DDCAB1E3-4053-49C6-9B12-637FA26E2678}.Release|Any CPU.Build.0 = Release|Any CPU
		{5A2154DB-D162-4D55-AA50-919DCC08B376}.Debug|Any CPU.ActiveCfg = Debug|Any CPU
		{5A2154DB-D162-4D55-AA50-919DCC08B376}.Debug|Any CPU.Build.0 = Debug|Any CPU
		{5A2154DB-D162-4D55-AA50-919DCC08B376}.Release|Any CPU.ActiveCfg = Release|Any CPU
		{5A2154DB-D162-4D55-AA50-919DCC08B376}.Release|Any CPU.Build.0 = Release|Any CPU
		{0487A85E-E103-4E3E-BE8D-0B00BE0AE3E5}.Debug|Any CPU.ActiveCfg = Debug|Any CPU
		{0487A85E-E103-4E3E-BE8D-0B00BE0AE3E5}.Debug|Any CPU.Build.0 = Debug|Any CPU
		{0487A85E-E103-4E3E-BE8D-0B00BE0AE3E5}.Release|Any CPU.ActiveCfg = Release|Any CPU
		{0487A85E-E103-4E3E-BE8D-0B00BE0AE3E5}.Release|Any CPU.Build.0 = Release|Any CPU
		{9C920049-576E-4F1C-B594-DB09AEB70291}.Debug|Any CPU.ActiveCfg = Debug|Any CPU
		{9C920049-576E-4F1C-B594-DB09AEB70291}.Debug|Any CPU.Build.0 = Debug|Any CPU
		{9C920049-576E-4F1C-B594-DB09AEB70291}.Release|Any CPU.ActiveCfg = Release|Any CPU
		{9C920049-576E-4F1C-B594-DB09AEB70291}.Release|Any CPU.Build.0 = Release|Any CPU
		{BA492081-B43E-4605-B9A2-7B6BD871AB77}.Debug|Any CPU.ActiveCfg = Debug|Any CPU
		{BA492081-B43E-4605-B9A2-7B6BD871AB77}.Debug|Any CPU.Build.0 = Debug|Any CPU
		{BA492081-B43E-4605-B9A2-7B6BD871AB77}.Release|Any CPU.ActiveCfg = Release|Any CPU
		{BA492081-B43E-4605-B9A2-7B6BD871AB77}.Release|Any CPU.Build.0 = Release|Any CPU
		{D7A9ED78-AA6E-4E27-8DF7-B3A312EC00B2}.Debug|Any CPU.ActiveCfg = Debug|Any CPU
		{D7A9ED78-AA6E-4E27-8DF7-B3A312EC00B2}.Debug|Any CPU.Build.0 = Debug|Any CPU
		{D7A9ED78-AA6E-4E27-8DF7-B3A312EC00B2}.Release|Any CPU.ActiveCfg = Release|Any CPU
		{D7A9ED78-AA6E-4E27-8DF7-B3A312EC00B2}.Release|Any CPU.Build.0 = Release|Any CPU
	EndGlobalSection
	GlobalSection(SolutionProperties) = preSolution
		HideSolutionNode = FALSE
	EndGlobalSection
	GlobalSection(NestedProjects) = preSolution
		{A3E32067-2E2A-4857-8FE7-767DC5A50C90} = {AEF8D0E2-64D7-4695-BEC2-7BCD98C1CFC4}
		{5053F66A-DCD0-4677-9B68-304FA3BE5FD7} = {AEF8D0E2-64D7-4695-BEC2-7BCD98C1CFC4}
		{089F4DEE-4E08-4929-AA74-ED61EEB21669} = {AEF8D0E2-64D7-4695-BEC2-7BCD98C1CFC4}
		{37E86B85-B24C-4741-A035-3E75A7C5BAA2} = {DCB58EC3-A679-45A7-AE97-E1EDC8FCB417}
		{DDCAB1E3-4053-49C6-9B12-637FA26E2678} = {AEF8D0E2-64D7-4695-BEC2-7BCD98C1CFC4}
		{5A2154DB-D162-4D55-AA50-919DCC08B376} = {AEF8D0E2-64D7-4695-BEC2-7BCD98C1CFC4}
		{0487A85E-E103-4E3E-BE8D-0B00BE0AE3E5} = {AEF8D0E2-64D7-4695-BEC2-7BCD98C1CFC4}
		{9C920049-576E-4F1C-B594-DB09AEB70291} = {AEF8D0E2-64D7-4695-BEC2-7BCD98C1CFC4}
		{BA492081-B43E-4605-B9A2-7B6BD871AB77} = {AEF8D0E2-64D7-4695-BEC2-7BCD98C1CFC4}
		{D7A9ED78-AA6E-4E27-8DF7-B3A312EC00B2} = {AEF8D0E2-64D7-4695-BEC2-7BCD98C1CFC4}
	EndGlobalSection
	GlobalSection(ExtensibilityGlobals) = postSolution
		SolutionGuid = {02FE40E3-0C91-46F0-A330-16C716CF15D7}
	EndGlobalSection
EndGlobal
